
Microsoft Visual Studio Solution File, Format Version 12.00
# Visual Studio 15
VisualStudioVersion = 15.0.27703.2042
MinimumVisualStudioVersion = 10.0.40219.1
Project("{FAE04EC0-301F-11D3-BF4B-00C04F79EFBC}") = "ExportExcelExample", "ExportExcelExample\ExportExcelExample.csproj", "{9DB54D35-FCC7-4657-826A-3B67AD52626B}"
EndProject
Global
	GlobalSection(SolutionConfigurationPlatforms) = preSolution
		Debug|Any CPU = Debug|Any CPU
		Release|Any CPU = Release|Any CPU
	EndGlobalSection
	GlobalSection(ProjectConfigurationPlatforms) = postSolution
		{9DB54D35-FCC7-4657-826A-3B67AD52626B}.Debug|Any CPU.ActiveCfg = Debug|Any CPU
		{9DB54D35-FCC7-4657-826A-3B67AD52626B}.Debug|Any CPU.Build.0 = Debug|Any CPU
		{9DB54D35-FCC7-4657-826A-3B67AD52626B}.Release|Any CPU.ActiveCfg = Release|Any CPU
		{9DB54D35-FCC7-4657-826A-3B67AD52626B}.Release|Any CPU.Build.0 = Release|Any CPU
	EndGlobalSection
	GlobalSection(SolutionProperties) = preSolution
		HideSolutionNode = FALSE
	EndGlobalSection
	GlobalSection(ExtensibilityGlobals) = postSolution
		SolutionGuid = {A0BDAF0D-30B8-437A-9671-3FF725FFD122}
	EndGlobalSection
EndGlobal
